
Microsoft Visual Studio Solution File, Format Version 12.00
# Visual Studio Version 16
VisualStudioVersion = 16.0.34301.259
MinimumVisualStudioVersion = 10.0.40219.1
Project("{FAE04EC0-301F-11D3-BF4B-00C04F79EFBC}") = "Underwriting_Billing", "Vendor_Portal\Underwriting_Billing.csproj", "{052917A9-D58B-40B1-AAEC-E620B1D94DA5}"
EndProject
Global
	GlobalSection(SolutionConfigurationPlatforms) = preSolution
		Debug|Any CPU = Debug|Any CPU
		Release|Any CPU = Release|Any CPU
	EndGlobalSection
	GlobalSection(ProjectConfigurationPlatforms) = postSolution
		{052917A9-D58B-40B1-AAEC-E620B1D94DA5}.Debug|Any CPU.ActiveCfg = Debug|Any CPU
		{052917A9-D58B-40B1-AAEC-E620B1D94DA5}.Debug|Any CPU.Build.0 = Debug|Any CPU
		{052917A9-D58B-40B1-AAEC-E620B1D94DA5}.Release|Any CPU.ActiveCfg = Release|Any CPU
		{052917A9-D58B-40B1-AAEC-E620B1D94DA5}.Release|Any CPU.Build.0 = Release|Any CPU
	EndGlobalSection
	GlobalSection(SolutionProperties) = preSolution
		HideSolutionNode = FALSE
	EndGlobalSection
	GlobalSection(ExtensibilityGlobals) = postSolution
		SolutionGuid = {920A0C8F-D537-4CCA-8ACC-188D047475C8}
	EndGlobalSection
EndGlobal
